
Microsoft Visual Studio Solution File, Format Version 12.00
# Visual Studio Version 17
VisualStudioVersion = 17.14.36327.8
MinimumVisualStudioVersion = 10.0.40219.1
Project("{FAE04EC0-301F-11D3-BF4B-00C04F79EFBC}") = "SignalR_Restaurant.EntityLayer", "SignalR_Restaurant.EntityLayer\SignalR_Restaurant.EntityLayer.csproj", "{B6B72BEE-A768-410F-96A9-4A569B50AD13}"
EndProject
Project("{FAE04EC0-301F-11D3-BF4B-00C04F79EFBC}") = "SignalR_Restaurant.WebUI", "SignalR_Restaurant.WebUI\SignalR_Restaurant.WebUI.csproj", "{54170945-620E-4B61-8FA1-D889BB07BFBD}"
EndProject
Project("{FAE04EC0-301F-11D3-BF4B-00C04F79EFBC}") = "SignalR_Restaurant.Api", "SignalR_Restaurant.Api\SignalR_Restaurant.Api.csproj", "{2DA09661-1BEF-4FA9-8FEB-EC911EDD95BA}"
EndProject
Project("{FAE04EC0-301F-11D3-BF4B-00C04F79EFBC}") = "SignalR_Restaurant.DataAccessLayer", "SignalR_Restaurant.DataAccessLayer\SignalR_Restaurant.DataAccessLayer.csproj", "{53ACC05F-7FCC-411E-8789-EA7672378D32}"
EndProject
Project("{FAE04EC0-301F-11D3-BF4B-00C04F79EFBC}") = "SignalR_Restaurant.DtoLayer", "SignalR_Restaurant.DtoLayer\SignalR_Restaurant.DtoLayer.csproj", "{A840CC35-3D5A-4AAC-A694-822858CBA119}"
EndProject
Project("{FAE04EC0-301F-11D3-BF4B-00C04F79EFBC}") = "SignalR_Restaurant.BusinessLayer", "SignalR_Restaurant.BusinessLayer\SignalR_Restaurant.BusinessLayer.csproj", "{BC5445BE-10D0-435F-AAF5-075B9314E23F}"
EndProject
Global
	GlobalSection(SolutionConfigurationPlatforms) = preSolution
		Debug|Any CPU = Debug|Any CPU
		Release|Any CPU = Release|Any CPU
	EndGlobalSection
	GlobalSection(ProjectConfigurationPlatforms) = postSolution
		{B6B72BEE-A768-410F-96A9-4A569B50AD13}.Debug|Any CPU.ActiveCfg = Debug|Any CPU
		{B6B72BEE-A768-410F-96A9-4A569B50AD13}.Debug|Any CPU.Build.0 = Debug|Any CPU
		{B6B72BEE-A768-410F-96A9-4A569B50AD13}.Release|Any CPU.ActiveCfg = Release|Any CPU
		{B6B72BEE-A768-410F-96A9-4A569B50AD13}.Release|Any CPU.Build.0 = Release|Any CPU
		{54170945-620E-4B61-8FA1-D889BB07BFBD}.Debug|Any CPU.ActiveCfg = Debug|Any CPU
		{54170945-620E-4B61-8FA1-D889BB07BFBD}.Debug|Any CPU.Build.0 = Debug|Any CPU
		{54170945-620E-4B61-8FA1-D889BB07BFBD}.Release|Any CPU.ActiveCfg = Release|Any CPU
		{54170945-620E-4B61-8FA1-D889BB07BFBD}.Release|Any CPU.Build.0 = Release|Any CPU
		{2DA09661-1BEF-4FA9-8FEB-EC911EDD95BA}.Debug|Any CPU.ActiveCfg = Debug|Any CPU
		{2DA09661-1BEF-4FA9-8FEB-EC911EDD95BA}.Debug|Any CPU.Build.0 = Debug|Any CPU
		{2DA09661-1BEF-4FA9-8FEB-EC911EDD95BA}.Release|Any CPU.ActiveCfg = Release|Any CPU
		{2DA09661-1BEF-4FA9-8FEB-EC911EDD95BA}.Release|Any CPU.Build.0 = Release|Any CPU
		{53ACC05F-7FCC-411E-8789-EA7672378D32}.Debug|Any CPU.ActiveCfg = Debug|Any CPU
		{53ACC05F-7FCC-411E-8789-EA7672378D32}.Debug|Any CPU.Build.0 = Debug|Any CPU
		{53ACC05F-7FCC-411E-8789-EA7672378D32}.Release|Any CPU.ActiveCfg = Release|Any CPU
		{53ACC05F-7FCC-411E-8789-EA7672378D32}.Release|Any CPU.Build.0 = Release|Any CPU
		{A840CC35-3D5A-4AAC-A694-822858CBA119}.Debug|Any CPU.ActiveCfg = Debug|Any CPU
		{A840CC35-3D5A-4AAC-A694-822858CBA119}.Debug|Any CPU.Build.0 = Debug|Any CPU
		{A840CC35-3D5A-4AAC-A694-822858CBA119}.Release|Any CPU.ActiveCfg = Release|Any CPU
		{A840CC35-3D5A-4AAC-A694-822858CBA119}.Release|Any CPU.Build.0 = Release|Any CPU
		{BC5445BE-10D0-435F-AAF5-075B9314E23F}.Debug|Any CPU.ActiveCfg = Debug|Any CPU
		{BC5445BE-10D0-435F-AAF5-075B9314E23F}.Debug|Any CPU.Build.0 = Debug|Any CPU
		{BC5445BE-10D0-435F-AAF5-075B9314E23F}.Release|Any CPU.ActiveCfg = Release|Any CPU
		{BC5445BE-10D0-435F-AAF5-075B9314E23F}.Release|Any CPU.Build.0 = Release|Any CPU
	EndGlobalSection
	GlobalSection(SolutionProperties) = preSolution
		HideSolutionNode = FALSE
	EndGlobalSection
	GlobalSection(ExtensibilityGlobals) = postSolution
		SolutionGuid = {2CA3BE42-AE07-46D1-B294-AB2BCA46D239}
	EndGlobalSection
EndGlobal
